// !$*UTF8*$!
{
	archiveVersion = 1;
	classes = {
	};
	objectVersion = 50;
	objects = {

/* Begin PBXBuildFile section */
		4C598C182195914A002903F4 /* AppDelegate.swift in Sources */ = {isa = PBXBuildFile; fileRef = 4C598C172195914A002903F4 /* AppDelegate.swift */; };
		4C598C1A2195914A002903F4 /* ViewController.swift in Sources */ = {isa = PBXBuildFile; fileRef = 4C598C192195914A002903F4 /* ViewController.swift */; };
		4C598C1D2195914A002903F4 /* Main.storyboard in Resources */ = {isa = PBXBuildFile; fileRef = 4C598C1B2195914A002903F4 /* Main.storyboard */; };
		4C598C1F2195914D002903F4 /* Assets.xcassets in Resources */ = {isa = PBXBuildFile; fileRef = 4C598C1E2195914D002903F4 /* Assets.xcassets */; };
		4C598C222195914D002903F4 /* LaunchScreen.storyboard in Resources */ = {isa = PBXBuildFile; fileRef = 4C598C202195914D002903F4 /* LaunchScreen.storyboard */; };
		4C598C2D2195914D002903F4 /* ____Tests.swift in Sources */ = {isa = PBXBuildFile; fileRef = 4C598C2C2195914D002903F4 /* ____Tests.swift */; };
		4C598C382195914D002903F4 /* ____UITests.swift in Sources */ = {isa = PBXBuildFile; fileRef = 4C598C372195914D002903F4 /* ____UITests.swift */; };
/* End PBXBuildFile section */

/* Begin PBXContainerItemProxy section */
		4C598C292195914D002903F4 /* PBXContainerItemProxy */ = {
			isa = PBXContainerItemProxy;
			containerPortal = 4C598C0C2195914A002903F4 /* Project object */;
			proxyType = 1;
			remoteGlobalIDString = 4C598C132195914A002903F4;
			remoteInfo = "カウント";
		};
		4C598C342195914D002903F4 /* PBXContainerItemProxy */ = {
			isa = PBXContainerItemProxy;
			containerPortal = 4C598C0C2195914A002903F4 /* Project object */;
			proxyType = 1;
			remoteGlobalIDString = 4C598C132195914A002903F4;
			remoteInfo = "カウント";
		};
/* End PBXContainerItemProxy section */

/* Begin PBXFileReference section */
		4C598C142195914A002903F4 /* カウント.app */ = {isa = PBXFileReference; explicitFileType = wrapper.application; includeInIndex = 0; path = "カウント.app"; sourceTree = BUILT_PRODUCTS_DIR; };
		4C598C172195914A002903F4 /* AppDelegate.swift */ = {isa = PBXFileReference; lastKnownFileType = sourcecode.swift; path = AppDelegate.swift; sourceTree = "<group>"; };
		4C598C192195914A002903F4 /* ViewController.swift */ = {isa = PBXFileReference; lastKnownFileType = sourcecode.swift; path = ViewController.swift; sourceTree = "<group>"; };
		4C598C1C2195914A002903F4 /* Base */ = {isa = PBXFileReference; lastKnownFileType = file.storyboard; name = Base; path = Base.lproj/Main.storyboard; sourceTree = "<group>"; };
		4C598C1E2195914D002903F4 /* Assets.xcassets */ = {isa = PBXFileReference; lastKnownFileType = folder.assetcatalog; path = Assets.xcassets; sourceTree = "<group>"; };
		4C598C212195914D002903F4 /* Base */ = {isa = PBXFileReference; lastKnownFileType = file.storyboard; name = Base; path = Base.lproj/LaunchScreen.storyboard; sourceTree = "<group>"; };
		4C598C232195914D002903F4 /* Info.plist */ = {isa = PBXFileReference; lastKnownFileType = text.plist.xml; path = Info.plist; sourceTree = "<group>"; };
		4C598C282195914D002903F4 /* カウントTests.xctest */ = {isa = PBXFileReference; explicitFileType = wrapper.cfbundle; includeInIndex = 0; path = "カウントTests.xctest"; sourceTree = BUILT_PRODUCTS_DIR; };
		4C598C2C2195914D002903F4 /* ____Tests.swift */ = {isa = PBXFileReference; lastKnownFileType = sourcecode.swift; path = "____Tests.swift"; sourceTree = "<group>"; };
		4C598C2E2195914D002903F4 /* Info.plist */ = {isa = PBXFileReference; lastKnownFileType = text.plist.xml; path = Info.plist; sourceTree = "<group>"; };
		4C598C332195914D002903F4 /* カウントUITests.xctest */ = {isa = PBXFileReference; explicitFileType = wrapper.cfbundle; includeInIndex = 0; path = "カウントUITests.xctest"; sourceTree = BUILT_PRODUCTS_DIR; };
		4C598C372195914D002903F4 /* ____UITests.swift */ = {isa = PBXFileReference; lastKnownFileType = sourcecode.swift; path = "____UITests.swift"; sourceTree = "<group>"; };
		4C598C392195914D002903F4 /* Info.plist */ = {isa = PBXFileReference; lastKnownFileType = text.plist.xml; path = Info.plist; sourceTree = "<group>"; };
/* End PBXFileReference section */

/* Begin PBXFrameworksBuildPhase section */
		4C598C112195914A002903F4 /* Frameworks */ = {
			isa = PBXFrameworksBuildPhase;
			buildActionMask = 2147483647;
			files = (
			);
			runOnlyForDeploymentPostprocessing = 0;
		};
		4C598C252195914D002903F4 /* Frameworks */ = {
			isa = PBXFrameworksBuildPhase;
			buildActionMask = 2147483647;
			files = (
			);
			runOnlyForDeploymentPostprocessing = 0;
		};
		4C598C302195914D002903F4 /* Frameworks */ = {
			isa = PBXFrameworksBuildPhase;
			buildActionMask = 2147483647;
			files = (
			);
			runOnlyForDeploymentPostprocessing = 0;
		};
/* End PBXFrameworksBuildPhase section */

/* Begin PBXGroup section */
		4C598C0B2195914A002903F4 = {
			isa = PBXGroup;
			children = (
				4C598C162195914A002903F4 /* カウント */,
				4C598C2B2195914D002903F4 /* カウントTests */,
				4C598C362195914D002903F4 /* カウントUITests */,
				4C598C152195914A002903F4 /* Products */,
			);
			sourceTree = "<group>";
		};
		4C598C152195914A002903F4 /* Products */ = {
			isa = PBXGroup;
			children = (
				4C598C142195914A002903F4 /* カウント.app */,
				4C598C282195914D002903F4 /* カウントTests.xctest */,
				4C598C332195914D002903F4 /* カウントUITests.xctest */,
			);
			name = Products;
			sourceTree = "<group>";
		};
		4C598C162195914A002903F4 /* カウント */ = {
			isa = PBXGroup;
			children = (
				4C598C172195914A002903F4 /* AppDelegate.swift */,
				4C598C192195914A002903F4 /* ViewController.swift */,
				4C598C1B2195914A002903F4 /* Main.storyboard */,
				4C598C1E2195914D002903F4 /* Assets.xcassets */,
				4C598C202195914D002903F4 /* LaunchScreen.storyboard */,
				4C598C232195914D002903F4 /* Info.plist */,
			);
			path = "カウント";
			sourceTree = "<group>";
		};
		4C598C2B2195914D002903F4 /* カウントTests */ = {
			isa = PBXGroup;
			children = (
				4C598C2C2195914D002903F4 /* ____Tests.swift */,
				4C598C2E2195914D002903F4 /* Info.plist */,
			);
			path = "カウントTests";
			sourceTree = "<group>";
		};
		4C598C362195914D002903F4 /* カウントUITests */ = {
			isa = PBXGroup;
			children = (
				4C598C372195914D002903F4 /* ____UITests.swift */,
				4C598C392195914D002903F4 /* Info.plist */,
			);
			path = "カウントUITests";
			sourceTree = "<group>";
		};
/* End PBXGroup section */

/* Begin PBXNativeTarget section */
		4C598C132195914A002903F4 /* カウント */ = {
			isa = PBXNativeTarget;
			buildConfigurationList = 4C598C3C2195914D002903F4 /* Build configuration list for PBXNativeTarget "カウント" */;
			buildPhases = (
				4C598C102195914A002903F4 /* Sources */,
				4C598C112195914A002903F4 /* Frameworks */,
				4C598C122195914A002903F4 /* Resources */,
			);
			buildRules = (
			);
			dependencies = (
			);
			name = "カウント";
			productName = "カウント";
			productReference = 4C598C142195914A002903F4 /* カウント.app */;
			productType = "com.apple.product-type.application";
		};
		4C598C272195914D002903F4 /* カウントTests */ = {
			isa = PBXNativeTarget;
			buildConfigurationList = 4C598C3F2195914D002903F4 /* Build configuration list for PBXNativeTarget "カウントTests" */;
			buildPhases = (
				4C598C242195914D002903F4 /* Sources */,
				4C598C252195914D002903F4 /* Frameworks */,
				4C598C262195914D002903F4 /* Resources */,
			);
			buildRules = (
			);
			dependencies = (
				4C598C2A2195914D002903F4 /* PBXTargetDependency */,
			);
			name = "カウントTests";
			productName = "カウントTests";
			productReference = 4C598C282195914D002903F4 /* カウントTests.xctest */;
			productType = "com.apple.product-type.bundle.unit-test";
		};
		4C598C322195914D002903F4 /* カウントUITests */ = {
			isa = PBXNativeTarget;
			buildConfigurationList = 4C598C422195914D002903F4 /* Build configuration list for PBXNativeTarget "カウントUITests" */;
			buildPhases = (
				4C598C2F2195914D002903F4 /* Sources */,
				4C598C302195914D002903F4 /* Frameworks */,
				4C598C312195914D002903F4 /* Resources */,
			);
			buildRules = (
			);
			dependencies = (
				4C598C352195914D002903F4 /* PBXTargetDependency */,
			);
			name = "カウントUITests";
			productName = "カウントUITests";
			productReference = 4C598C332195914D002903F4 /* カウントUITests.xctest */;
			productType = "com.apple.product-type.bundle.ui-testing";
		};
/* End PBXNativeTarget section */

/* Begin PBXProject section */
		4C598C0C2195914A002903F4 /* Project object */ = {
			isa = PBXProject;
			attributes = {
				LastSwiftUpdateCheck = 1000;
				LastUpgradeCheck = 1000;
				ORGANIZATIONNAME = "Aoi Saito";
				TargetAttributes = {
					4C598C132195914A002903F4 = {
						CreatedOnToolsVersion = 10.0;
					};
					4C598C272195914D002903F4 = {
						CreatedOnToolsVersion = 10.0;
						TestTargetID = 4C598C132195914A002903F4;
					};
					4C598C322195914D002903F4 = {
						CreatedOnToolsVersion = 10.0;
						TestTargetID = 4C598C132195914A002903F4;
					};
				};
			};
			buildConfigurationList = 4C598C0F2195914A002903F4 /* Build configuration list for PBXProject "カウント" */;
			compatibilityVersion = "Xcode 9.3";
			developmentRegion = en;
			hasScannedForEncodings = 0;
			knownRegions = (
				en,
				Base,
			);
			mainGroup = 4C598C0B2195914A002903F4;
			productRefGroup = 4C598C152195914A002903F4 /* Products */;
			projectDirPath = "";
			projectRoot = "";
			targets = (
				4C598C132195914A002903F4 /* カウント */,
				4C598C272195914D002903F4 /* カウントTests */,
				4C598C322195914D002903F4 /* カウントUITests */,
			);
		};
/* End PBXProject section */

/* Begin PBXResourcesBuildPhase section */
		4C598C122195914A002903F4 /* Resources */ = {
			isa = PBXResourcesBuildPhase;
			buildActionMask = 2147483647;
			files = (
				4C598C222195914D002903F4 /* LaunchScreen.storyboard in Resources */,
				4C598C1F2195914D002903F4 /* Assets.xcassets in Resources */,
				4C598C1D2195914A002903F4 /* Main.storyboard in Resources */,
			);
			runOnlyForDeploymentPostprocessing = 0;
		};
		4C598C262195914D002903F4 /* Resources */ = {
			isa = PBXResourcesBuildPhase;
			buildActionMask = 2147483647;
			files = (
			);
			runOnlyForDeploymentPostprocessing = 0;
		};
		4C598C312195914D002903F4 /* Resources */ = {
			isa = PBXResourcesBuildPhase;
			buildActionMask = 2147483647;
			files = (
			);
			runOnlyForDeploymentPostprocessing = 0;
		};
/* End PBXResourcesBuildPhase section */

/* Begin PBXSourcesBuildPhase section */
		4C598C102195914A002903F4 /* Sources */ = {
			isa = PBXSourcesBuildPhase;
			buildActionMask = 2147483647;
			files = (
				4C598C1A2195914A002903F4 /* ViewController.swift in Sources */,
				4C598C182195914A002903F4 /* AppDelegate.swift in Sources */,
			);
			runOnlyForDeploymentPostprocessing = 0;
		};
		4C598C242195914D002903F4 /* Sources */ = {
			isa = PBXSourcesBuildPhase;
			buildActionMask = 2147483647;
			files = (
				4C598C2D2195914D002903F4 /* ____Tests.swift in Sources */,
			);
			runOnlyForDeploymentPostprocessing = 0;
		};
		4C598C2F2195914D002903F4 /* Sources */ = {
			isa = PBXSourcesBuildPhase;
			buildActionMask = 2147483647;
			files = (
				4C598C382195914D002903F4 /* ____UITests.swift in Sources */,
			);
			runOnlyForDeploymentPostprocessing = 0;
		};
/* End PBXSourcesBuildPhase section */

/* Begin PBXTargetDependency section */
		4C598C2A2195914D002903F4 /* PBXTargetDependency */ = {
			isa = PBXTargetDependency;
			target = 4C598C132195914A002903F4 /* カウント */;
			targetProxy = 4C598C292195914D002903F4 /* PBXContainerItemProxy */;
		};
		4C598C352195914D002903F4 /* PBXTargetDependency */ = {
			isa = PBXTargetDependency;
			target = 4C598C132195914A002903F4 /* カウント */;
			targetProxy = 4C598C342195914D002903F4 /* PBXContainerItemProxy */;
		};
/* End PBXTargetDependency section */

/* Begin PBXVariantGroup section */
		4C598C1B2195914A002903F4 /* Main.storyboard */ = {
			isa = PBXVariantGroup;
			children = (
				4C598C1C2195914A002903F4 /* Base */,
			);
			name = Main.storyboard;
			sourceTree = "<group>";
		};
		4C598C202195914D002903F4 /* LaunchScreen.storyboard */ = {
			isa = PBXVariantGroup;
			children = (
				4C598C212195914D002903F4 /* Base */,
			);
			name = LaunchScreen.storyboard;
			sourceTree = "<group>";
		};
/* End PBXVariantGroup section */

/* Begin XCBuildConfiguration section */
		4C598C3A2195914D002903F4 /* Debug */ = {
			isa = XCBuildConfiguration;
			buildSettings = {
				ALWAYS_SEARCH_USER_PATHS = NO;
				CLANG_ANALYZER_NONNULL = YES;
				CLANG_ANALYZER_NUMBER_OBJECT_CONVERSION = YES_AGGRESSIVE;
				CLANG_CXX_LANGUAGE_STANDARD = "gnu++14";
				CLANG_CXX_LIBRARY = "libc++";
				CLANG_ENABLE_MODULES = YES;
				CLANG_ENABLE_OBJC_ARC = YES;
				CLANG_ENABLE_OBJC_WEAK = YES;
				CLANG_WARN_BLOCK_CAPTURE_AUTORELEASING = YES;
				CLANG_WARN_BOOL_CONVERSION = YES;
				CLANG_WARN_COMMA = YES;
				CLANG_WARN_CONSTANT_CONVERSION = YES;
				CLANG_WARN_DEPRECATED_OBJC_IMPLEMENTATIONS = YES;
				CLANG_WARN_DIRECT_OBJC_ISA_USAGE = YES_ERROR;
				CLANG_WARN_DOCUMENTATION_COMMENTS = YES;
				CLANG_WARN_EMPTY_BODY = YES;
				CLANG_WARN_ENUM_CONVERSION = YES;
				CLANG_WARN_INFINITE_RECURSION = YES;
				CLANG_WARN_INT_CONVERSION = YES;
				CLANG_WARN_NON_LITERAL_NULL_CONVERSION = YES;
				CLANG_WARN_OBJC_IMPLICIT_RETAIN_SELF = YES;
				CLANG_WARN_OBJC_LITERAL_CONVERSION = YES;
				CLANG_WARN_OBJC_ROOT_CLASS = YES_ERROR;
				CLANG_WARN_RANGE_LOOP_ANALYSIS = YES;
				CLANG_WARN_STRICT_PROTOTYPES = YES;
				CLANG_WARN_SUSPICIOUS_MOVE = YES;
				CLANG_WARN_UNGUARDED_AVAILABILITY = YES_AGGRESSIVE;
				CLANG_WARN_UNREACHABLE_CODE = YES;
				CLANG_WARN__DUPLICATE_METHOD_MATCH = YES;
				CODE_SIGN_IDENTITY = "iPhone Developer";
				COPY_PHASE_STRIP = NO;
				DEBUG_INFORMATION_FORMAT = dwarf;
				ENABLE_STRICT_OBJC_MSGSEND = YES;
				ENABLE_TESTABILITY = YES;
				GCC_C_LANGUAGE_STANDARD = gnu11;
				GCC_DYNAMIC_NO_PIC = NO;
				GCC_NO_COMMON_BLOCKS = YES;
				GCC_OPTIMIZATION_LEVEL = 0;
				GCC_PREPROCESSOR_DEFINITIONS = (
					"DEBUG=1",
					"$(inherited)",
				);
				GCC_WARN_64_TO_32_BIT_CONVERSION = YES;
				GCC_WARN_ABOUT_RETURN_TYPE = YES_ERROR;
				GCC_WARN_UNDECLARED_SELECTOR = YES;
				GCC_WARN_UNINITIALIZED_AUTOS = YES_AGGRESSIVE;
				GCC_WARN_UNUSED_FUNCTION = YES;
				GCC_WARN_UNUSED_VARIABLE = YES;
				IPHONEOS_DEPLOYMENT_TARGET = 12.0;
				MTL_ENABLE_DEBUG_INFO = INCLUDE_SOURCE;
				MTL_FAST_MATH = YES;
				ONLY_ACTIVE_ARCH = YES;
				SDKROOT = iphoneos;
				SWIFT_ACTIVE_COMPILATION_CONDITIONS = DEBUG;
				SWIFT_OPTIMIZATION_LEVEL = "-Onone";
			};
			name = Debug;
		};
		4C598C3B2195914D002903F4 /* Release */ = {
			isa = XCBuildConfiguration;
			buildSettings = {
				ALWAYS_SEARCH_USER_PATHS = NO;
				CLANG_ANALYZER_NONNULL = YES;
				CLANG_ANALYZER_NUMBER_OBJECT_CONVERSION = YES_AGGRESSIVE;
				CLANG_CXX_LANGUAGE_STANDARD = "gnu++14";
				CLANG_CXX_LIBRARY = "libc++";
				CLANG_ENABLE_MODULES = YES;
				CLANG_ENABLE_OBJC_ARC = YES;
				CLANG_ENABLE_OBJC_WEAK = YES;
				CLANG_WARN_BLOCK_CAPTURE_AUTORELEASING = YES;
				CLANG_WARN_BOOL_CONVERSION = YES;
				CLANG_WARN_COMMA = YES;
				CLANG_WARN_CONSTANT_CONVERSION = YES;
				CLANG_WARN_DEPRECATED_OBJC_IMPLEMENTATIONS = YES;
				CLANG_WARN_DIRECT_OBJC_ISA_USAGE = YES_ERROR;
				CLANG_WARN_DOCUMENTATION_COMMENTS = YES;
				CLANG_WARN_EMPTY_BODY = YES;
				CLANG_WARN_ENUM_CONVERSION = YES;
				CLANG_WARN_INFINITE_RECURSION = YES;
				CLANG_WARN_INT_CONVERSION = YES;
				CLANG_WARN_NON_LITERAL_NULL_CONVERSION = YES;
				CLANG_WARN_OBJC_IMPLICIT_RETAIN_SELF = YES;
				CLANG_WARN_OBJC_LITERAL_CONVERSION = YES;
				CLANG_WARN_OBJC_ROOT_CLASS = YES_ERROR;
				CLANG_WARN_RANGE_LOOP_ANALYSIS = YES;
				CLANG_WARN_STRICT_PROTOTYPES = YES;
				CLANG_WARN_SUSPICIOUS_MOVE = YES;
				CLANG_WARN_UNGUARDED_AVAILABILITY = YES_AGGRESSIVE;
				CLANG_WARN_UNREACHABLE_CODE = YES;
				CLANG_WARN__DUPLICATE_METHOD_MATCH = YES;
				CODE_SIGN_IDENTITY = "iPhone Developer";
				COPY_PHASE_STRIP = NO;
				DEBUG_INFORMATION_FORMAT = "dwarf-with-dsym";
				ENABLE_NS_ASSERTIONS = NO;
				ENABLE_STRICT_OBJC_MSGSEND = YES;
				GCC_C_LANGUAGE_STANDARD = gnu11;
				GCC_NO_COMMON_BLOCKS = YES;
				GCC_WARN_64_TO_32_BIT_CONVERSION = YES;
				GCC_WARN_ABOUT_RETURN_TYPE = YES_ERROR;
				GCC_WARN_UNDECLARED_SELECTOR = YES;
				GCC_WARN_UNINITIALIZED_AUTOS = YES_AGGRESSIVE;
				GCC_WARN_UNUSED_FUNCTION = YES;
				GCC_WARN_UNUSED_VARIABLE = YES;
				IPHONEOS_DEPLOYMENT_TARGET = 12.0;
				MTL_ENABLE_DEBUG_INFO = NO;
				MTL_FAST_MATH = YES;
				SDKROOT = iphoneos;
				SWIFT_COMPILATION_MODE = wholemodule;
				SWIFT_OPTIMIZATION_LEVEL = "-O";
				VALIDATE_PRODUCT = YES;
			};
			name = Release;
		};
		4C598C3D2195914D002903F4 /* Debug */ = {
			isa = XCBuildConfiguration;
			buildSettings = {
				ASSETCATALOG_COMPILER_APPICON_NAME = AppIcon;
				CODE_SIGN_STYLE = Automatic;
				INFOPLIST_FILE = "カウント/Info.plist";
				LD_RUNPATH_SEARCH_PATHS = (
					"$(inherited)",
					"@executable_path/Frameworks",
				);
				PRODUCT_BUNDLE_IDENTIFIER = "com.litech.----";
				PRODUCT_NAME = "$(TARGET_NAME)";
				SWIFT_VERSION = 4.2;
				TARGETED_DEVICE_FAMILY = "1,2";
			};
			name = Debug;
		};
		4C598C3E2195914D002903F4 /* Release */ = {
			isa = XCBuildConfiguration;
			buildSettings = {
				ASSETCATALOG_COMPILER_APPICON_NAME = AppIcon;
				CODE_SIGN_STYLE = Automatic;
				INFOPLIST_FILE = "カウント/Info.plist";
				LD_RUNPATH_SEARCH_PATHS = (
					"$(inherited)",
					"@executable_path/Frameworks",
				);
				PRODUCT_BUNDLE_IDENTIFIER = "com.litech.----";
				PRODUCT_NAME = "$(TARGET_NAME)";
				SWIFT_VERSION = 4.2;
				TARGETED_DEVICE_FAMILY = "1,2";
			};
			name = Release;
		};
		4C598C402195914D002903F4 /* Debug */ = {
			isa = XCBuildConfiguration;
			buildSettings = {
				ALWAYS_EMBED_SWIFT_STANDARD_LIBRARIES = YES;
				BUNDLE_LOADER = "$(TEST_HOST)";
				CODE_SIGN_STYLE = Automatic;
				INFOPLIST_FILE = "カウントTests/Info.plist";
				LD_RUNPATH_SEARCH_PATHS = (
					"$(inherited)",
					"@executable_path/Frameworks",
					"@loader_path/Frameworks",
				);
				PRODUCT_BUNDLE_IDENTIFIER = "com.litech.----Tests";
				PRODUCT_NAME = "$(TARGET_NAME)";
				SWIFT_VERSION = 4.2;
				TARGETED_DEVICE_FAMILY = "1,2";
				TEST_HOST = "$(BUILT_PRODUCTS_DIR)/カウント.app/カウント";
			};
			name = Debug;
		};
		4C598C412195914D002903F4 /* Release */ = {
			isa = XCBuildConfiguration;
			buildSettings = {
				ALWAYS_EMBED_SWIFT_STANDARD_LIBRARIES = YES;
				BUNDLE_LOADER = "$(TEST_HOST)";
				CODE_SIGN_STYLE = Automatic;
				INFOPLIST_FILE = "カウントTests/Info.plist";
				LD_RUNPATH_SEARCH_PATHS = (
					"$(inherited)",
					"@executable_path/Frameworks",
					"@loader_path/Frameworks",
				);
				PRODUCT_BUNDLE_IDENTIFIER = "com.litech.----Tests";
				PRODUCT_NAME = "$(TARGET_NAME)";
				SWIFT_VERSION = 4.2;
				TARGETED_DEVICE_FAMILY = "1,2";
				TEST_HOST = "$(BUILT_PRODUCTS_DIR)/カウント.app/カウント";
			};
			name = Release;
		};
		4C598C432195914D002903F4 /* Debug */ = {
			isa = XCBuildConfiguration;
			buildSettings = {
				ALWAYS_EMBED_SWIFT_STANDARD_LIBRARIES = YES;
				CODE_SIGN_STYLE = Automatic;
				INFOPLIST_FILE = "カウントUITests/Info.plist";
				LD_RUNPATH_SEARCH_PATHS = (
					"$(inherited)",
					"@executable_path/Frameworks",
					"@loader_path/Frameworks",
				);
				PRODUCT_BUNDLE_IDENTIFIER = "com.litech.----UITests";
				PRODUCT_NAME = "$(TARGET_NAME)";
				SWIFT_VERSION = 4.2;
				TARGETED_DEVICE_FAMILY = "1,2";
				TEST_TARGET_NAME = "カウント";
			};
			name = Debug;
		};
		4C598C442195914D002903F4 /* Release */ = {
			isa = XCBuildConfiguration;
			buildSettings = {
				ALWAYS_EMBED_SWIFT_STANDARD_LIBRARIES = YES;
				CODE_SIGN_STYLE = Automatic;
				INFOPLIST_FILE = "カウントUITests/Info.plist";
				LD_RUNPATH_SEARCH_PATHS = (
					"$(inherited)",
					"@executable_path/Frameworks",
					"@loader_path/Frameworks",
				);
				PRODUCT_BUNDLE_IDENTIFIER = "com.litech.----UITests";
				PRODUCT_NAME = "$(TARGET_NAME)";
				SWIFT_VERSION = 4.2;
				TARGETED_DEVICE_FAMILY = "1,2";
				TEST_TARGET_NAME = "カウント";
			};
			name = Release;
		};
/* End XCBuildConfiguration section */

/* Begin XCConfigurationList section */
		4C598C0F2195914A002903F4 /* Build configuration list for PBXProject "カウント" */ = {
			isa = XCConfigurationList;
			buildConfigurations = (
				4C598C3A2195914D002903F4 /* Debug */,
				4C598C3B2195914D002903F4 /* Release */,
			);
			defaultConfigurationIsVisible = 0;
			defaultConfigurationName = Release;
		};
		4C598C3C2195914D002903F4 /* Build configuration list for PBXNativeTarget "カウント" */ = {
			isa = XCConfigurationList;
			buildConfigurations = (
				4C598C3D2195914D002903F4 /* Debug */,
				4C598C3E2195914D002903F4 /* Release */,
			);
			defaultConfigurationIsVisible = 0;
			defaultConfigurationName = Release;
		};
		4C598C3F2195914D002903F4 /* Build configuration list for PBXNativeTarget "カウントTests" */ = {
			isa = XCConfigurationList;
			buildConfigurations = (
				4C598C402195914D002903F4 /* Debug */,
				4C598C412195914D002903F4 /* Release */,
			);
			defaultConfigurationIsVisible = 0;
			defaultConfigurationName = Release;
		};
		4C598C422195914D002903F4 /* Build configuration list for PBXNativeTarget "カウントUITests" */ = {
			isa = XCConfigurationList;
			buildConfigurations = (
				4C598C432195914D002903F4 /* Debug */,
				4C598C442195914D002903F4 /* Release */,
			);
			defaultConfigurationIsVisible = 0;
			defaultConfigurationName = Release;
		};
/* End XCConfigurationList section */
	};
	rootObject = 4C598C0C2195914A002903F4 /* Project object */;
}
